{
  "requires": true,
  "lockfileVersion": 1,
  "dependencies": {
    "@types/angular": {
      "version": "1.6.28",
      "resolved": "https://registry.npmjs.org/@types/angular/-/angular-1.6.28.tgz",
      "integrity": "sha512-nggmqD2AL83axal/j9zbefA0cN8T7mcYfuLBZ9EQColQr2U6GYY7EfBVwMCV401GQovxG6HDyOIfrYRAooLu2w=="
    },
    "@types/angular-material": {
      "version": "1.1.53",
      "resolved": "https://registry.npmjs.org/@types/angular-material/-/angular-material-1.1.53.tgz",
      "integrity": "sha512-F/QL3zBbE+jn5i1U8Ru4sBjywc3e3UOWUdWGzuS0TQoTezEJqfp2spBk+RpuwKhh85r/4kSjnrs/JNIcv6jpLw==",
      "requires": {
        "@types/angular": "1.6.28"
      }
    },
    "tsc": {
      "version": "1.20150623.0",
      "resolved": "https://registry.npmjs.org/tsc/-/tsc-1.20150623.0.tgz",
      "integrity": "sha1-Trw8d04WkUjLx2inNCUz8ILHpuU="
    },
    "typescript": {
      "version": "2.4.2",
      "resolved": "https://registry.npmjs.org/typescript/-/typescript-2.4.2.tgz",
      "integrity": "sha1-+DlfhdRZJ2BnyYiqQYN6j4KHCEQ="
    }
  }
}
